// !$*UTF8*$!
{
	archiveVersion = 1;
	classes = {
	};
	objectVersion = 46;
	objects = {

/* Begin PBXBuildFile section */
		611553EB191C65FF0000C8D5 /* AppDelegate.m in Sources */ = {isa = PBXBuildFile; fileRef = 611553E9191C65FF0000C8D5 /* AppDelegate.m */; };
		611553EC191C65FF0000C8D5 /* MainMenu.xib in Resources */ = {isa = PBXBuildFile; fileRef = 611553EA191C65FF0000C8D5 /* MainMenu.xib */; };
		6115540D191C66F30000C8D5 /* GCDAsyncUdpSocket.m in Sources */ = {isa = PBXBuildFile; fileRef = 6115540C191C66F30000C8D5 /* GCDAsyncUdpSocket.m */; };
		6115542B191C68350000C8D5 /* DDAbstractDatabaseLogger.m in Sources */ = {isa = PBXBuildFile; fileRef = 61155421191C68350000C8D5 /* DDAbstractDatabaseLogger.m */; };
		6115542C191C68350000C8D5 /* DDASLLogger.m in Sources */ = {isa = PBXBuildFile; fileRef = 61155423191C68350000C8D5 /* DDASLLogger.m */; };
		6115542D191C68350000C8D5 /* DDFileLogger.m in Sources */ = {isa = PBXBuildFile; fileRef = 61155425191C68350000C8D5 /* DDFileLogger.m */; };
		6115542E191C68350000C8D5 /* DDLog.m in Sources */ = {isa = PBXBuildFile; fileRef = 61155428191C68350000C8D5 /* DDLog.m */; };
		6115542F191C68350000C8D5 /* DDTTYLogger.m in Sources */ = {isa = PBXBuildFile; fileRef = 6115542A191C68350000C8D5 /* DDTTYLogger.m */; };
		61155437191C683F0000C8D5 /* DDContextFilterLogFormatter.m in Sources */ = {isa = PBXBuildFile; fileRef = 61155431191C683F0000C8D5 /* DDContextFilterLogFormatter.m */; };
		61155438191C683F0000C8D5 /* DDDispatchQueueLogFormatter.m in Sources */ = {isa = PBXBuildFile; fileRef = 61155433191C683F0000C8D5 /* DDDispatchQueueLogFormatter.m */; };
		61155439191C683F0000C8D5 /* DDMultiFormatter.m in Sources */ = {isa = PBXBuildFile; fileRef = 61155435191C683F0000C8D5 /* DDMultiFormatter.m */; };
		6115543A191C683F0000C8D5 /* README.txt in Resources */ = {isa = PBXBuildFile; fileRef = 61155436191C683F0000C8D5 /* README.txt */; };
		61FC92FB18D1405900484458 /* Security.framework in Frameworks */ = {isa = PBXBuildFile; fileRef = 61FC92FA18D1405900484458 /* Security.framework */; };
		61FE2DDA18D7E40600DD23FF /* yas1.png in Resources */ = {isa = PBXBuildFile; fileRef = 61FE2DD918D7E40600DD23FF /* yas1.png */; };
		DDF326D418D0CA2F00DA4528 /* Cocoa.framework in Frameworks */ = {isa = PBXBuildFile; fileRef = DDF326D318D0CA2F00DA4528 /* Cocoa.framework */; };
		DDF326DE18D0CA2F00DA4528 /* InfoPlist.strings in Resources */ = {isa = PBXBuildFile; fileRef = DDF326DC18D0CA2F00DA4528 /* InfoPlist.strings */; };
		DDF326E018D0CA2F00DA4528 /* main.m in Sources */ = {isa = PBXBuildFile; fileRef = DDF326DF18D0CA2F00DA4528 /* main.m */; };
/* End PBXBuildFile section */

/* Begin PBXFileReference section */
		611553E8191C65FF0000C8D5 /* AppDelegate.h */ = {isa = PBXFileReference; fileEncoding = 4; lastKnownFileType = sourcecode.c.h; path = AppDelegate.h; sourceTree = "<group>"; };
		611553E9191C65FF0000C8D5 /* AppDelegate.m */ = {isa = PBXFileReference; fileEncoding = 4; lastKnownFileType = sourcecode.c.objc; path = AppDelegate.m; sourceTree = "<group>"; };
		611553EA191C65FF0000C8D5 /* MainMenu.xib */ = {isa = PBXFileReference; fileEncoding = 4; lastKnownFileType = file.xib; path = MainMenu.xib; sourceTree = "<group>"; };
		6115540B191C66F30000C8D5 /* GCDAsyncUdpSocket.h */ = {isa = PBXFileReference; fileEncoding = 4; lastKnownFileType = sourcecode.c.h; path = GCDAsyncUdpSocket.h; sourceTree = "<group>"; };
		6115540C191C66F30000C8D5 /* GCDAsyncUdpSocket.m */ = {isa = PBXFileReference; fileEncoding = 4; lastKnownFileType = sourcecode.c.objc; path = GCDAsyncUdpSocket.m; sourceTree = "<group>"; };
		61155420191C68350000C8D5 /* DDAbstractDatabaseLogger.h */ = {isa = PBXFileReference; fileEncoding = 4; lastKnownFileType = sourcecode.c.h; path = DDAbstractDatabaseLogger.h; sourceTree = "<group>"; };
		61155421191C68350000C8D5 /* DDAbstractDatabaseLogger.m */ = {isa = PBXFileReference; fileEncoding = 4; lastKnownFileType = sourcecode.c.objc; path = DDAbstractDatabaseLogger.m; sourceTree = "<group>"; };
		61155422191C68350000C8D5 /* DDASLLogger.h */ = {isa = PBXFileReference; fileEncoding = 4; lastKnownFileType = sourcecode.c.h; path = DDASLLogger.h; sourceTree = "<group>"; };
		61155423191C68350000C8D5 /* DDASLLogger.m */ = {isa = PBXFileReference; fileEncoding = 4; lastKnownFileType = sourcecode.c.objc; path = DDASLLogger.m; sourceTree = "<group>"; };
		61155424191C68350000C8D5 /* DDFileLogger.h */ = {isa = PBXFileReference; fileEncoding = 4; lastKnownFileType = sourcecode.c.h; path = DDFileLogger.h; sourceTree = "<group>"; };
		61155425191C68350000C8D5 /* DDFileLogger.m */ = {isa = PBXFileReference; fileEncoding = 4; lastKnownFileType = sourcecode.c.objc; path = DDFileLogger.m; sourceTree = "<group>"; };
		61155426191C68350000C8D5 /* DDLog+LOGV.h */ = {isa = PBXFileReference; fileEncoding = 4; lastKnownFileType = sourcecode.c.h; path = "DDLog+LOGV.h"; sourceTree = "<group>"; };
		61155427191C68350000C8D5 /* DDLog.h */ = {isa = PBXFileReference; fileEncoding = 4; lastKnownFileType = sourcecode.c.h; path = DDLog.h; sourceTree = "<group>"; };
		61155428191C68350000C8D5 /* DDLog.m */ = {isa = PBXFileReference; fileEncoding = 4; lastKnownFileType = sourcecode.c.objc; path = DDLog.m; sourceTree = "<group>"; };
		61155429191C68350000C8D5 /* DDTTYLogger.h */ = {isa = PBXFileReference; fileEncoding = 4; lastKnownFileType = sourcecode.c.h; path = DDTTYLogger.h; sourceTree = "<group>"; };
		6115542A191C68350000C8D5 /* DDTTYLogger.m */ = {isa = PBXFileReference; fileEncoding = 4; lastKnownFileType = sourcecode.c.objc; path = DDTTYLogger.m; sourceTree = "<group>"; };
		61155430191C683F0000C8D5 /* DDContextFilterLogFormatter.h */ = {isa = PBXFileReference; fileEncoding = 4; lastKnownFileType = sourcecode.c.h; path = DDContextFilterLogFormatter.h; sourceTree = "<group>"; };
		61155431191C683F0000C8D5 /* DDContextFilterLogFormatter.m */ = {isa = PBXFileReference; fileEncoding = 4; lastKnownFileType = sourcecode.c.objc; path = DDContextFilterLogFormatter.m; sourceTree = "<group>"; };
		61155432191C683F0000C8D5 /* DDDispatchQueueLogFormatter.h */ = {isa = PBXFileReference; fileEncoding = 4; lastKnownFileType = sourcecode.c.h; path = DDDispatchQueueLogFormatter.h; sourceTree = "<group>"; };
		61155433191C683F0000C8D5 /* DDDispatchQueueLogFormatter.m */ = {isa = PBXFileReference; fileEncoding = 4; lastKnownFileType = sourcecode.c.objc; path = DDDispatchQueueLogFormatter.m; sourceTree = "<group>"; };
		61155434191C683F0000C8D5 /* DDMultiFormatter.h */ = {isa = PBXFileReference; fileEncoding = 4; lastKnownFileType = sourcecode.c.h; path = DDMultiFormatter.h; sourceTree = "<group>"; };
		61155435191C683F0000C8D5 /* DDMultiFormatter.m */ = {isa = PBXFileReference; fileEncoding = 4; lastKnownFileType = sourcecode.c.objc; path = DDMultiFormatter.m; sourceTree = "<group>"; };
		61155436191C683F0000C8D5 /* README.txt */ = {isa = PBXFileReference; fileEncoding = 4; lastKnownFileType = text; path = README.txt; sourceTree = "<group>"; };
		61FC92FA18D1405900484458 /* Security.framework */ = {isa = PBXFileReference; lastKnownFileType = wrapper.framework; name = Security.framework; path = System/Library/Frameworks/Security.framework; sourceTree = SDKROOT; };
		61FE2DD918D7E40600DD23FF /* yas1.png */ = {isa = PBXFileReference; lastKnownFileType = image.png; path = yas1.png; sourceTree = "<group>"; };
		DDF326D018D0CA2F00DA4528 /* ExamServer.app */ = {isa = PBXFileReference; explicitFileType = wrapper.application; includeInIndex = 0; path = ExamServer.app; sourceTree = BUILT_PRODUCTS_DIR; };
		DDF326D318D0CA2F00DA4528 /* Cocoa.framework */ = {isa = PBXFileReference; lastKnownFileType = wrapper.framework; name = Cocoa.framework; path = System/Library/Frameworks/Cocoa.framework; sourceTree = SDKROOT; };
		DDF326D618D0CA2F00DA4528 /* AppKit.framework */ = {isa = PBXFileReference; lastKnownFileType = wrapper.framework; name = AppKit.framework; path = System/Library/Frameworks/AppKit.framework; sourceTree = SDKROOT; };
		DDF326D718D0CA2F00DA4528 /* CoreData.framework */ = {isa = PBXFileReference; lastKnownFileType = wrapper.framework; name = CoreData.framework; path = System/Library/Frameworks/CoreData.framework; sourceTree = SDKROOT; };
		DDF326D818D0CA2F00DA4528 /* Foundation.framework */ = {isa = PBXFileReference; lastKnownFileType = wrapper.framework; name = Foundation.framework; path = System/Library/Frameworks/Foundation.framework; sourceTree = SDKROOT; };
		DDF326DB18D0CA2F00DA4528 /* ExamServer-Info.plist */ = {isa = PBXFileReference; lastKnownFileType = text.plist.xml; path = "ExamServer-Info.plist"; sourceTree = "<group>"; };
		DDF326DD18D0CA2F00DA4528 /* en */ = {isa = PBXFileReference; lastKnownFileType = text.plist.strings; name = en; path = en.lproj/InfoPlist.strings; sourceTree = "<group>"; };
		DDF326DF18D0CA2F00DA4528 /* main.m */ = {isa = PBXFileReference; lastKnownFileType = sourcecode.c.objc; path = main.m; sourceTree = "<group>"; };
		DDF326E118D0CA2F00DA4528 /* ExamServer-Prefix.pch */ = {isa = PBXFileReference; lastKnownFileType = sourcecode.c.h; path = "ExamServer-Prefix.pch"; sourceTree = "<group>"; };
/* End PBXFileReference section */

/* Begin PBXFrameworksBuildPhase section */
		DDF326CD18D0CA2F00DA4528 /* Frameworks */ = {
			isa = PBXFrameworksBuildPhase;
			buildActionMask = 2147483647;
			files = (
				61FC92FB18D1405900484458 /* Security.framework in Frameworks */,
				DDF326D418D0CA2F00DA4528 /* Cocoa.framework in Frameworks */,
			);
			runOnlyForDeploymentPostprocessing = 0;
		};
/* End PBXFrameworksBuildPhase section */

/* Begin PBXGroup section */
		6115540A191C66DE0000C8D5 /* UDP */ = {
			isa = PBXGroup;
			children = (
				6115540B191C66F30000C8D5 /* GCDAsyncUdpSocket.h */,
				6115540C191C66F30000C8D5 /* GCDAsyncUdpSocket.m */,
			);
			name = UDP;
			sourceTree = "<group>";
		};
		6115541E191C671C0000C8D5 /* Logging */ = {
			isa = PBXGroup;
			children = (
				61155420191C68350000C8D5 /* DDAbstractDatabaseLogger.h */,
				61155421191C68350000C8D5 /* DDAbstractDatabaseLogger.m */,
				61155422191C68350000C8D5 /* DDASLLogger.h */,
				61155423191C68350000C8D5 /* DDASLLogger.m */,
				61155424191C68350000C8D5 /* DDFileLogger.h */,
				61155425191C68350000C8D5 /* DDFileLogger.m */,
				61155426191C68350000C8D5 /* DDLog+LOGV.h */,
				61155427191C68350000C8D5 /* DDLog.h */,
				61155428191C68350000C8D5 /* DDLog.m */,
				61155429191C68350000C8D5 /* DDTTYLogger.h */,
				6115542A191C68350000C8D5 /* DDTTYLogger.m */,
				6115541F191C67230000C8D5 /* Extensions */,
			);
			name = Logging;
			sourceTree = "<group>";
		};
		6115541F191C67230000C8D5 /* Extensions */ = {
			isa = PBXGroup;
			children = (
				61155430191C683F0000C8D5 /* DDContextFilterLogFormatter.h */,
				61155431191C683F0000C8D5 /* DDContextFilterLogFormatter.m */,
				61155432191C683F0000C8D5 /* DDDispatchQueueLogFormatter.h */,
				61155433191C683F0000C8D5 /* DDDispatchQueueLogFormatter.m */,
				61155434191C683F0000C8D5 /* DDMultiFormatter.h */,
				61155435191C683F0000C8D5 /* DDMultiFormatter.m */,
				61155436191C683F0000C8D5 /* README.txt */,
			);
			name = Extensions;
			sourceTree = "<group>";
		};
		DDF326C718D0CA2F00DA4528 = {
			isa = PBXGroup;
			children = (
				6115541E191C671C0000C8D5 /* Logging */,
				6115540A191C66DE0000C8D5 /* UDP */,
				DDF326D918D0CA2F00DA4528 /* ExamServer */,
				DDF326D218D0CA2F00DA4528 /* Frameworks */,
				DDF326D118D0CA2F00DA4528 /* Products */,
			);
			sourceTree = "<group>";
		};
		DDF326D118D0CA2F00DA4528 /* Products */ = {
			isa = PBXGroup;
			children = (
				DDF326D018D0CA2F00DA4528 /* ExamServer.app */,
			);
			name = Products;
			sourceTree = "<group>";
		};
		DDF326D218D0CA2F00DA4528 /* Frameworks */ = {
			isa = PBXGroup;
			children = (
				61FC92FA18D1405900484458 /* Security.framework */,
				DDF326D318D0CA2F00DA4528 /* Cocoa.framework */,
				DDF326D518D0CA2F00DA4528 /* Other Frameworks */,
			);
			name = Frameworks;
			sourceTree = "<group>";
		};
		DDF326D518D0CA2F00DA4528 /* Other Frameworks */ = {
			isa = PBXGroup;
			children = (
				DDF326D618D0CA2F00DA4528 /* AppKit.framework */,
				DDF326D718D0CA2F00DA4528 /* CoreData.framework */,
				DDF326D818D0CA2F00DA4528 /* Foundation.framework */,
			);
			name = "Other Frameworks";
			sourceTree = "<group>";
		};
		DDF326D918D0CA2F00DA4528 /* ExamServer */ = {
			isa = PBXGroup;
			children = (
				611553E8191C65FF0000C8D5 /* AppDelegate.h */,
				611553E9191C65FF0000C8D5 /* AppDelegate.m */,
				611553EA191C65FF0000C8D5 /* MainMenu.xib */,
				DDF326DA18D0CA2F00DA4528 /* Supporting Files */,
			);
			path = ExamServer;
			sourceTree = "<group>";
		};
		DDF326DA18D0CA2F00DA4528 /* Supporting Files */ = {
			isa = PBXGroup;
			children = (
				61FE2DD918D7E40600DD23FF /* yas1.png */,
				DDF326DB18D0CA2F00DA4528 /* ExamServer-Info.plist */,
				DDF326DC18D0CA2F00DA4528 /* InfoPlist.strings */,
				DDF326DF18D0CA2F00DA4528 /* main.m */,
				DDF326E118D0CA2F00DA4528 /* ExamServer-Prefix.pch */,
			);
			name = "Supporting Files";
			sourceTree = "<group>";
		};
/* End PBXGroup section */

/* Begin PBXNativeTarget section */
		DDF326CF18D0CA2F00DA4528 /* ExamServer */ = {
			isa = PBXNativeTarget;
			buildConfigurationList = DDF3270118D0CA2F00DA4528 /* Build configuration list for PBXNativeTarget "ExamServer" */;
			buildPhases = (
				DDF326CC18D0CA2F00DA4528 /* Sources */,
				DDF326CD18D0CA2F00DA4528 /* Frameworks */,
				DDF326CE18D0CA2F00DA4528 /* Resources */,
			);
			buildRules = (
			);
			dependencies = (
			);
			name = ExamServer;
			productName = ExamServer;
			productReference = DDF326D018D0CA2F00DA4528 /* ExamServer.app */;
			productType = "com.apple.product-type.application";
		};
/* End PBXNativeTarget section */

/* Begin PBXProject section */
		DDF326C818D0CA2F00DA4528 /* Project object */ = {
			isa = PBXProject;
			attributes = {
				LastUpgradeCheck = 0500;
				ORGANIZATIONNAME = mike;
			};
			buildConfigurationList = DDF326CB18D0CA2F00DA4528 /* Build configuration list for PBXProject "ExamServer" */;
			compatibilityVersion = "Xcode 3.2";
			developmentRegion = English;
			hasScannedForEncodings = 0;
			knownRegions = (
				en,
				Base,
			);
			mainGroup = DDF326C718D0CA2F00DA4528;
			productRefGroup = DDF326D118D0CA2F00DA4528 /* Products */;
			projectDirPath = "";
			projectRoot = "";
			targets = (
				DDF326CF18D0CA2F00DA4528 /* ExamServer */,
			);
		};
/* End PBXProject section */

/* Begin PBXResourcesBuildPhase section */
		DDF326CE18D0CA2F00DA4528 /* Resources */ = {
			isa = PBXResourcesBuildPhase;
			buildActionMask = 2147483647;
			files = (
				DDF326DE18D0CA2F00DA4528 /* InfoPlist.strings in Resources */,
				61FE2DDA18D7E40600DD23FF /* yas1.png in Resources */,
				6115543A191C683F0000C8D5 /* README.txt in Resources */,
				611553EC191C65FF0000C8D5 /* MainMenu.xib in Resources */,
			);
			runOnlyForDeploymentPostprocessing = 0;
		};
/* End PBXResourcesBuildPhase section */

/* Begin PBXSourcesBuildPhase section */
		DDF326CC18D0CA2F00DA4528 /* Sources */ = {
			isa = PBXSourcesBuildPhase;
			buildActionMask = 2147483647;
			files = (
				6115542E191C68350000C8D5 /* DDLog.m in Sources */,
				6115542F191C68350000C8D5 /* DDTTYLogger.m in Sources */,
				6115540D191C66F30000C8D5 /* GCDAsyncUdpSocket.m in Sources */,
				61155437191C683F0000C8D5 /* DDContextFilterLogFormatter.m in Sources */,
				6115542D191C68350000C8D5 /* DDFileLogger.m in Sources */,
				611553EB191C65FF0000C8D5 /* AppDelegate.m in Sources */,
				6115542B191C68350000C8D5 /* DDAbstractDatabaseLogger.m in Sources */,
				61155439191C683F0000C8D5 /* DDMultiFormatter.m in Sources */,
				61155438191C683F0000C8D5 /* DDDispatchQueueLogFormatter.m in Sources */,
				DDF326E018D0CA2F00DA4528 /* main.m in Sources */,
				6115542C191C68350000C8D5 /* DDASLLogger.m in Sources */,
			);
			runOnlyForDeploymentPostprocessing = 0;
		};
/* End PBXSourcesBuildPhase section */

/* Begin PBXVariantGroup section */
		DDF326DC18D0CA2F00DA4528 /* InfoPlist.strings */ = {
			isa = PBXVariantGroup;
			children = (
				DDF326DD18D0CA2F00DA4528 /* en */,
			);
			name = InfoPlist.strings;
			sourceTree = "<group>";
		};
/* End PBXVariantGroup section */

/* Begin XCBuildConfiguration section */
		DDF326FF18D0CA2F00DA4528 /* Debug */ = {
			isa = XCBuildConfiguration;
			buildSettings = {
				ALWAYS_SEARCH_USER_PATHS = NO;
				CLANG_CXX_LANGUAGE_STANDARD = "gnu++0x";
				CLANG_CXX_LIBRARY = "libc++";
				CLANG_ENABLE_OBJC_ARC = YES;
				CLANG_WARN_BOOL_CONVERSION = YES;
				CLANG_WARN_CONSTANT_CONVERSION = YES;
				CLANG_WARN_DIRECT_OBJC_ISA_USAGE = YES_ERROR;
				CLANG_WARN_EMPTY_BODY = YES;
				CLANG_WARN_ENUM_CONVERSION = YES;
				CLANG_WARN_INT_CONVERSION = YES;
				CLANG_WARN_OBJC_ROOT_CLASS = YES_ERROR;
				CLANG_WARN__DUPLICATE_METHOD_MATCH = YES;
				COPY_PHASE_STRIP = NO;
				GCC_C_LANGUAGE_STANDARD = gnu99;
				GCC_DYNAMIC_NO_PIC = NO;
				GCC_ENABLE_OBJC_EXCEPTIONS = YES;
				GCC_OPTIMIZATION_LEVEL = 0;
				GCC_PREPROCESSOR_DEFINITIONS = (
					"DEBUG=1",
					"$(inherited)",
				);
				GCC_SYMBOLS_PRIVATE_EXTERN = NO;
				GCC_WARN_64_TO_32_BIT_CONVERSION = YES;
				GCC_WARN_ABOUT_RETURN_TYPE = YES_ERROR;
				GCC_WARN_UNDECLARED_SELECTOR = YES;
				GCC_WARN_UNINITIALIZED_AUTOS = YES;
				GCC_WARN_UNUSED_FUNCTION = YES;
				GCC_WARN_UNUSED_VARIABLE = YES;
				MACOSX_DEPLOYMENT_TARGET = 10.9;
				ONLY_ACTIVE_ARCH = YES;
				SDKROOT = macosx;
			};
			name = Debug;
		};
		DDF3270018D0CA2F00DA4528 /* Release */ = {
			isa = XCBuildConfiguration;
			buildSettings = {
				ALWAYS_SEARCH_USER_PATHS = NO;
				CLANG_CXX_LANGUAGE_STANDARD = "gnu++0x";
				CLANG_CXX_LIBRARY = "libc++";
				CLANG_ENABLE_OBJC_ARC = YES;
				CLANG_WARN_BOOL_CONVERSION = YES;
				CLANG_WARN_CONSTANT_CONVERSION = YES;
				CLANG_WARN_DIRECT_OBJC_ISA_USAGE = YES_ERROR;
				CLANG_WARN_EMPTY_BODY = YES;
				CLANG_WARN_ENUM_CONVERSION = YES;
				CLANG_WARN_INT_CONVERSION = YES;
				CLANG_WARN_OBJC_ROOT_CLASS = YES_ERROR;
				CLANG_WARN__DUPLICATE_METHOD_MATCH = YES;
				COPY_PHASE_STRIP = YES;
				DEBUG_INFORMATION_FORMAT = "dwarf-with-dsym";
				ENABLE_NS_ASSERTIONS = NO;
				GCC_C_LANGUAGE_STANDARD = gnu99;
				GCC_ENABLE_OBJC_EXCEPTIONS = YES;
				GCC_WARN_64_TO_32_BIT_CONVERSION = YES;
				GCC_WARN_ABOUT_RETURN_TYPE = YES_ERROR;
				GCC_WARN_UNDECLARED_SELECTOR = YES;
				GCC_WARN_UNINITIALIZED_AUTOS = YES;
				GCC_WARN_UNUSED_FUNCTION = YES;
				GCC_WARN_UNUSED_VARIABLE = YES;
				MACOSX_DEPLOYMENT_TARGET = 10.9;
				SDKROOT = macosx;
			};
			name = Release;
		};
		DDF3270218D0CA2F00DA4528 /* Debug */ = {
			isa = XCBuildConfiguration;
			buildSettings = {
				CLANG_ENABLE_OBJC_ARC = YES;
				COMBINE_HIDPI_IMAGES = YES;
				GCC_PRECOMPILE_PREFIX_HEADER = YES;
				GCC_PREFIX_HEADER = "ExamServer/ExamServer-Prefix.pch";
				INFOPLIST_FILE = "ExamServer/ExamServer-Info.plist";
				PRODUCT_NAME = "$(TARGET_NAME)";
				WRAPPER_EXTENSION = app;
			};
			name = Debug;
		};
		DDF3270318D0CA2F00DA4528 /* Release */ = {
			isa = XCBuildConfiguration;
			buildSettings = {
				CLANG_ENABLE_OBJC_ARC = YES;
				COMBINE_HIDPI_IMAGES = YES;
				GCC_PRECOMPILE_PREFIX_HEADER = YES;
				GCC_PREFIX_HEADER = "ExamServer/ExamServer-Prefix.pch";
				INFOPLIST_FILE = "ExamServer/ExamServer-Info.plist";
				PRODUCT_NAME = "$(TARGET_NAME)";
				WRAPPER_EXTENSION = app;
			};
			name = Release;
		};
/* End XCBuildConfiguration section */

/* Begin XCConfigurationList section */
		DDF326CB18D0CA2F00DA4528 /* Build configuration list for PBXProject "ExamServer" */ = {
			isa = XCConfigurationList;
			buildConfigurations = (
				DDF326FF18D0CA2F00DA4528 /* Debug */,
				DDF3270018D0CA2F00DA4528 /* Release */,
			);
			defaultConfigurationIsVisible = 0;
			defaultConfigurationName = Release;
		};
		DDF3270118D0CA2F00DA4528 /* Build configuration list for PBXNativeTarget "ExamServer" */ = {
			isa = XCConfigurationList;
			buildConfigurations = (
				DDF3270218D0CA2F00DA4528 /* Debug */,
				DDF3270318D0CA2F00DA4528 /* Release */,
			);
			defaultConfigurationIsVisible = 0;
			defaultConfigurationName = Release;
		};
/* End XCConfigurationList section */
	};
	rootObject = DDF326C818D0CA2F00DA4528 /* Project object */;
}
